
Microsoft Visual Studio Solution File, Format Version 12.00
# Visual Studio Version 16
VisualStudioVersion = 16.0.30907.101
MinimumVisualStudioVersion = 10.0.40219.1
Project("{FAE04EC0-301F-11D3-BF4B-00C04F79EFBC}") = "ClassMetotDemo", "ClassMetotDemo\ClassMetotDemo.csproj", "{0E3C00CA-5283-4C15-A163-1367B5F4DDD1}"
EndProject
Global
	GlobalSection(SolutionConfigurationPlatforms) = preSolution
		Debug|Any CPU = Debug|Any CPU
		Release|Any CPU = Release|Any CPU
	EndGlobalSection
	GlobalSection(ProjectConfigurationPlatforms) = postSolution
		{0E3C00CA-5283-4C15-A163-1367B5F4DDD1}.Debug|Any CPU.ActiveCfg = Debug|Any CPU
		{0E3C00CA-5283-4C15-A163-1367B5F4DDD1}.Debug|Any CPU.Build.0 = Debug|Any CPU
		{0E3C00CA-5283-4C15-A163-1367B5F4DDD1}.Release|Any CPU.ActiveCfg = Release|Any CPU
		{0E3C00CA-5283-4C15-A163-1367B5F4DDD1}.Release|Any CPU.Build.0 = Release|Any CPU
	EndGlobalSection
	GlobalSection(SolutionProperties) = preSolution
		HideSolutionNode = FALSE
	EndGlobalSection
	GlobalSection(ExtensibilityGlobals) = postSolution
		SolutionGuid = {A4BC33BF-35EA-4386-BA14-12AA56E0AC0D}
	EndGlobalSection
EndGlobal
