
Microsoft Visual Studio Solution File, Format Version 12.00
# Visual Studio Version 16
VisualStudioVersion = 16.0.30907.101
MinimumVisualStudioVersion = 10.0.40219.1
Project("{FAE04EC0-301F-11D3-BF4B-00C04F79EFBC}") = "DataAccess", "DataAccess\DataAccess.csproj", "{74CCF35F-7190-49DD-A263-E74F3C6EE8A6}"
EndProject
Project("{FAE04EC0-301F-11D3-BF4B-00C04F79EFBC}") = "Business", "Business\Business.csproj", "{AF91A015-37B2-47CC-9343-2E553AF91873}"
EndProject
Project("{FAE04EC0-301F-11D3-BF4B-00C04F79EFBC}") = "Entities", "Entities\Entities.csproj", "{170D3A82-0E5E-4BA0-BEDC-B1CEDA0AC8B2}"
EndProject
Project("{FAE04EC0-301F-11D3-BF4B-00C04F79EFBC}") = "Console", "Console\Console.csproj", "{831F5C54-3D3F-434D-9278-7D25BD530A61}"
EndProject
Global
	GlobalSection(SolutionConfigurationPlatforms) = preSolution
		Debug|Any CPU = Debug|Any CPU
		Release|Any CPU = Release|Any CPU
	EndGlobalSection
	GlobalSection(ProjectConfigurationPlatforms) = postSolution
		{74CCF35F-7190-49DD-A263-E74F3C6EE8A6}.Debug|Any CPU.ActiveCfg = Debug|Any CPU
		{74CCF35F-7190-49DD-A263-E74F3C6EE8A6}.Debug|Any CPU.Build.0 = Debug|Any CPU
		{74CCF35F-7190-49DD-A263-E74F3C6EE8A6}.Release|Any CPU.ActiveCfg = Release|Any CPU
		{74CCF35F-7190-49DD-A263-E74F3C6EE8A6}.Release|Any CPU.Build.0 = Release|Any CPU
		{AF91A015-37B2-47CC-9343-2E553AF91873}.Debug|Any CPU.ActiveCfg = Debug|Any CPU
		{AF91A015-37B2-47CC-9343-2E553AF91873}.Debug|Any CPU.Build.0 = Debug|Any CPU
		{AF91A015-37B2-47CC-9343-2E553AF91873}.Release|Any CPU.ActiveCfg = Release|Any CPU
		{AF91A015-37B2-47CC-9343-2E553AF91873}.Release|Any CPU.Build.0 = Release|Any CPU
		{170D3A82-0E5E-4BA0-BEDC-B1CEDA0AC8B2}.Debug|Any CPU.ActiveCfg = Debug|Any CPU
		{170D3A82-0E5E-4BA0-BEDC-B1CEDA0AC8B2}.Debug|Any CPU.Build.0 = Debug|Any CPU
		{170D3A82-0E5E-4BA0-BEDC-B1CEDA0AC8B2}.Release|Any CPU.ActiveCfg = Release|Any CPU
		{170D3A82-0E5E-4BA0-BEDC-B1CEDA0AC8B2}.Release|Any CPU.Build.0 = Release|Any CPU
		{831F5C54-3D3F-434D-9278-7D25BD530A61}.Debug|Any CPU.ActiveCfg = Debug|Any CPU
		{831F5C54-3D3F-434D-9278-7D25BD530A61}.Debug|Any CPU.Build.0 = Debug|Any CPU
		{831F5C54-3D3F-434D-9278-7D25BD530A61}.Release|Any CPU.ActiveCfg = Release|Any CPU
		{831F5C54-3D3F-434D-9278-7D25BD530A61}.Release|Any CPU.Build.0 = Release|Any CPU
	EndGlobalSection
	GlobalSection(SolutionProperties) = preSolution
		HideSolutionNode = FALSE
	EndGlobalSection
	GlobalSection(ExtensibilityGlobals) = postSolution
		SolutionGuid = {19F8C0CB-D77D-44C5-B161-E1F4E755186C}
	EndGlobalSection
EndGlobal
